// !$*UTF8*$!
{
	archiveVersion = 1;
	classes = {
	};
	objectVersion = 48;
	objects = {

/* Begin PBXBuildFile section */
		091637B11FC68B6700296B87 /* BaseModel.swift in Sources */ = {isa = PBXBuildFile; fileRef = 091637B01FC68B6700296B87 /* BaseModel.swift */; };
		091637B31FC6A11200296B87 /* AmuseViewController.swift in Sources */ = {isa = PBXBuildFile; fileRef = 091637B21FC6A11200296B87 /* AmuseViewController.swift */; };
		09234AC91FC7A60B00CEBC07 /* AmuseMenuViewCell.swift in Sources */ = {isa = PBXBuildFile; fileRef = 09234AC71FC7A60B00CEBC07 /* AmuseMenuViewCell.swift */; };
		09234ACA1FC7A60B00CEBC07 /* AmuseMenuViewCell.xib in Resources */ = {isa = PBXBuildFile; fileRef = 09234AC81FC7A60B00CEBC07 /* AmuseMenuViewCell.xib */; };
		09234ACC1FC7B1EA00CEBC07 /* FunnyViewController.swift in Sources */ = {isa = PBXBuildFile; fileRef = 09234ACB1FC7B1EA00CEBC07 /* FunnyViewController.swift */; };
		09234ACE1FC7B54800CEBC07 /* FunnyModel.swift in Sources */ = {isa = PBXBuildFile; fileRef = 09234ACD1FC7B54800CEBC07 /* FunnyModel.swift */; };
		09234AD01FC7BAD400CEBC07 /* BaseViewController.swift in Sources */ = {isa = PBXBuildFile; fileRef = 09234ACF1FC7BAD400CEBC07 /* BaseViewController.swift */; };
		094514FF1FC257C400E398C9 /* PageContentView.swift in Sources */ = {isa = PBXBuildFile; fileRef = 094514FE1FC257C400E398C9 /* PageContentView.swift */; };
		094515011FC25C2D00E398C9 /* UIColor+Extension.swift in Sources */ = {isa = PBXBuildFile; fileRef = 094515001FC25C2D00E398C9 /* UIColor+Extension.swift */; };
		094515031FC28D1C00E398C9 /* RecommenViewController.swift in Sources */ = {isa = PBXBuildFile; fileRef = 094515021FC28D1C00E398C9 /* RecommenViewController.swift */; };
		094515061FC2978B00E398C9 /* CollectionHeaderView.swift in Sources */ = {isa = PBXBuildFile; fileRef = 094515041FC2978B00E398C9 /* CollectionHeaderView.swift */; };
		094515071FC2978B00E398C9 /* CollectionHeaderView.xib in Resources */ = {isa = PBXBuildFile; fileRef = 094515051FC2978B00E398C9 /* CollectionHeaderView.xib */; };
		0945150A1FC29C5700E398C9 /* CollectionViewNormalCell.swift in Sources */ = {isa = PBXBuildFile; fileRef = 094515081FC29C5700E398C9 /* CollectionViewNormalCell.swift */; };
		0945150B1FC29C5700E398C9 /* CollectionViewNormalCell.xib in Resources */ = {isa = PBXBuildFile; fileRef = 094515091FC29C5700E398C9 /* CollectionViewNormalCell.xib */; };
		0945150E1FC2A1CA00E398C9 /* CollectionViewPrettyCell.swift in Sources */ = {isa = PBXBuildFile; fileRef = 0945150C1FC2A1CA00E398C9 /* CollectionViewPrettyCell.swift */; };
		0945150F1FC2A1CA00E398C9 /* CollectionViewPrettyCell.xib in Resources */ = {isa = PBXBuildFile; fileRef = 0945150D1FC2A1CA00E398C9 /* CollectionViewPrettyCell.xib */; };
		094547A71FC450CF005FE312 /* RecommendGameView.swift in Sources */ = {isa = PBXBuildFile; fileRef = 094547A61FC450CF005FE312 /* RecommendGameView.swift */; };
		094547A91FC450F0005FE312 /* RecommendGameView.xib in Resources */ = {isa = PBXBuildFile; fileRef = 094547A81FC450F0005FE312 /* RecommendGameView.xib */; };
		096157301FC458C7003DD284 /* GameCollectionViewCell.swift in Sources */ = {isa = PBXBuildFile; fileRef = 0961572E1FC458C7003DD284 /* GameCollectionViewCell.swift */; };
		096157311FC458C7003DD284 /* GameCollectionViewCell.xib in Resources */ = {isa = PBXBuildFile; fileRef = 0961572F1FC458C7003DD284 /* GameCollectionViewCell.xib */; };
		096E03361FC563CE00D1872C /* GameViewController.swift in Sources */ = {isa = PBXBuildFile; fileRef = 096E03351FC563CE00D1872C /* GameViewController.swift */; };
		096E03381FC56D8E00D1872C /* GameViewModel.swift in Sources */ = {isa = PBXBuildFile; fileRef = 096E03371FC56D8E00D1872C /* GameViewModel.swift */; };
		096E033A1FC56FA400D1872C /* GameModel.swift in Sources */ = {isa = PBXBuildFile; fileRef = 096E03391FC56FA400D1872C /* GameModel.swift */; };
		0975715E1FC6A3E5008B86CD /* AmuseViewModel.swift in Sources */ = {isa = PBXBuildFile; fileRef = 0975715D1FC6A3E5008B86CD /* AmuseViewModel.swift */; };
		097571611FC6A953008B86CD /* BaseViewModel.swift in Sources */ = {isa = PBXBuildFile; fileRef = 097571601FC6A953008B86CD /* BaseViewModel.swift */; };
		097571631FC6AC5C008B86CD /* BaseAnchorViewController.swift in Sources */ = {isa = PBXBuildFile; fileRef = 097571621FC6AC5C008B86CD /* BaseAnchorViewController.swift */; };
		097571651FC6BF3F008B86CD /* AmuseMenuView.swift in Sources */ = {isa = PBXBuildFile; fileRef = 097571641FC6BF3F008B86CD /* AmuseMenuView.swift */; };
		097571671FC6BF73008B86CD /* AmuseMenuView.xib in Resources */ = {isa = PBXBuildFile; fileRef = 097571661FC6BF73008B86CD /* AmuseMenuView.xib */; };
		099CEFC31FC9029A009049D6 /* 1511574055637.jpg in Resources */ = {isa = PBXBuildFile; fileRef = 099CEFBF1FC9029A009049D6 /* 1511574055637.jpg */; };
		099CEFC41FC9029A009049D6 /* 1511574190406.jpg in Resources */ = {isa = PBXBuildFile; fileRef = 099CEFC01FC9029A009049D6 /* 1511574190406.jpg */; };
		099CEFC51FC9029A009049D6 /* 1511574168889.jpg in Resources */ = {isa = PBXBuildFile; fileRef = 099CEFC11FC9029A009049D6 /* 1511574168889.jpg */; };
		099CEFC61FC9029A009049D6 /* 1511241970907.jpg in Resources */ = {isa = PBXBuildFile; fileRef = 099CEFC21FC9029A009049D6 /* 1511241970907.jpg */; };
		09CB540F1FC8E9EF00F071BD /* DashViewController.swift in Sources */ = {isa = PBXBuildFile; fileRef = 09CB540E1FC8E9EF00F071BD /* DashViewController.swift */; };
		09CB54111FC8EA8400F071BD /* SamDashView.swift in Sources */ = {isa = PBXBuildFile; fileRef = 09CB54101FC8EA8400F071BD /* SamDashView.swift */; };
		09CB54131FC8F30F00F071BD /* SamDashBoardView.swift in Sources */ = {isa = PBXBuildFile; fileRef = 09CB54121FC8F30F00F071BD /* SamDashBoardView.swift */; };
		09DA0E461FC148410023F664 /* AppDelegate.swift in Sources */ = {isa = PBXBuildFile; fileRef = 09DA0E451FC148410023F664 /* AppDelegate.swift */; };
		09DA0E4B1FC148410023F664 /* Main.storyboard in Resources */ = {isa = PBXBuildFile; fileRef = 09DA0E491FC148410023F664 /* Main.storyboard */; };
		09DA0E4D1FC148410023F664 /* Assets.xcassets in Resources */ = {isa = PBXBuildFile; fileRef = 09DA0E4C1FC148410023F664 /* Assets.xcassets */; };
		09DA0E501FC148410023F664 /* LaunchScreen.storyboard in Resources */ = {isa = PBXBuildFile; fileRef = 09DA0E4E1FC148410023F664 /* LaunchScreen.storyboard */; };
		09DA0E621FC157D90023F664 /* Home.storyboard in Resources */ = {isa = PBXBuildFile; fileRef = 09DA0E601FC157D90023F664 /* Home.storyboard */; };
		09DA0E641FC1582A0023F664 /* Live.storyboard in Resources */ = {isa = PBXBuildFile; fileRef = 09DA0E631FC1582A0023F664 /* Live.storyboard */; };
		09DA0E671FC1584B0023F664 /* Follow.storyboard in Resources */ = {isa = PBXBuildFile; fileRef = 09DA0E651FC1584B0023F664 /* Follow.storyboard */; };
		09DA0E691FC1586B0023F664 /* Profile.storyboard in Resources */ = {isa = PBXBuildFile; fileRef = 09DA0E681FC1586B0023F664 /* Profile.storyboard */; };
		09DA0E751FC1631E0023F664 /* MainViewController.swift in Sources */ = {isa = PBXBuildFile; fileRef = 09DA0E741FC1631E0023F664 /* MainViewController.swift */; };
		09DA0E771FC1636C0023F664 /* HomeViewController.swift in Sources */ = {isa = PBXBuildFile; fileRef = 09DA0E761FC1636C0023F664 /* HomeViewController.swift */; };
		09DA0E7A1FC167190023F664 /* UIBarButtion+Extension.swift in Sources */ = {isa = PBXBuildFile; fileRef = 09DA0E791FC167190023F664 /* UIBarButtion+Extension.swift */; };
		09DA0E7C1FC1715D0023F664 /* PageTitleView.swift in Sources */ = {isa = PBXBuildFile; fileRef = 09DA0E7B1FC1715D0023F664 /* PageTitleView.swift */; };
		09DA0E7E1FC173A70023F664 /* Common.swift in Sources */ = {isa = PBXBuildFile; fileRef = 09DA0E7D1FC173A70023F664 /* Common.swift */; };
		09DBA5561FC2FF13006ADDFD /* RecommenViewModel.swift in Sources */ = {isa = PBXBuildFile; fileRef = 09DBA5551FC2FF13006ADDFD /* RecommenViewModel.swift */; };
		09DBA5581FC30277006ADDFD /* NSData+Extension.swift in Sources */ = {isa = PBXBuildFile; fileRef = 09DBA5571FC30277006ADDFD /* NSData+Extension.swift */; };
		09F0131C1FC2AE110073AD9C /* NetworkTools.swift in Sources */ = {isa = PBXBuildFile; fileRef = 09F0131B1FC2AE110073AD9C /* NetworkTools.swift */; };
		09F0131D1FC2BD950073AD9C /* Alamofire.framework in Frameworks */ = {isa = PBXBuildFile; fileRef = 09F0131E1FC2BD950073AD9C /* Alamofire.framework */; };
		09F0131F1FC2BD990073AD9C /* Kingfisher.framework in Frameworks */ = {isa = PBXBuildFile; fileRef = 09F013201FC2BD990073AD9C /* Kingfisher.framework */; };
		09F81FA91FC7F6B000807812 /* VideoViewController.swift in Sources */ = {isa = PBXBuildFile; fileRef = 09F81FA81FC7F6B000807812 /* VideoViewController.swift */; };
		09F9C8051FC3B36400A1D54D /* AnchorGroup.swift in Sources */ = {isa = PBXBuildFile; fileRef = 09F9C8041FC3B36400A1D54D /* AnchorGroup.swift */; };
		09F9C8071FC3B6D600A1D54D /* AnchorModel.swift in Sources */ = {isa = PBXBuildFile; fileRef = 09F9C8061FC3B6D600A1D54D /* AnchorModel.swift */; };
		09F9C8091FC3F0F500A1D54D /* BaseCollectionViewCell.swift in Sources */ = {isa = PBXBuildFile; fileRef = 09F9C8081FC3F0F500A1D54D /* BaseCollectionViewCell.swift */; };
		09F9C80B1FC3F4C500A1D54D /* RecommenCycle.swift in Sources */ = {isa = PBXBuildFile; fileRef = 09F9C80A1FC3F4C500A1D54D /* RecommenCycle.swift */; };
		09F9C80D1FC3F50B00A1D54D /* RecommendCycleView.xib in Resources */ = {isa = PBXBuildFile; fileRef = 09F9C80C1FC3F50B00A1D54D /* RecommendCycleView.xib */; };
		09F9C80F1FC40D8700A1D54D /* CycleModel.swift in Sources */ = {isa = PBXBuildFile; fileRef = 09F9C80E1FC40D8700A1D54D /* CycleModel.swift */; };
		09F9C8121FC4148200A1D54D /* CycleViewCell.swift in Sources */ = {isa = PBXBuildFile; fileRef = 09F9C8101FC4148200A1D54D /* CycleViewCell.swift */; };
		09F9C8131FC4148200A1D54D /* CycleViewCell.xib in Resources */ = {isa = PBXBuildFile; fileRef = 09F9C8111FC4148200A1D54D /* CycleViewCell.xib */; };
		5DBF9AB3D28D92178FE43819 /* Pods_DYZB.framework in Frameworks */ = {isa = PBXBuildFile; fileRef = 2DB049C5774D5DAE4185244A /* Pods_DYZB.framework */; };
/* End PBXBuildFile section */

/* Begin PBXFileReference section */
		091637B01FC68B6700296B87 /* BaseModel.swift */ = {isa = PBXFileReference; lastKnownFileType = sourcecode.swift; path = BaseModel.swift; sourceTree = "<group>"; };
		091637B21FC6A11200296B87 /* AmuseViewController.swift */ = {isa = PBXFileReference; lastKnownFileType = sourcecode.swift; path = AmuseViewController.swift; sourceTree = "<group>"; };
		09234AC71FC7A60B00CEBC07 /* AmuseMenuViewCell.swift */ = {isa = PBXFileReference; lastKnownFileType = sourcecode.swift; path = AmuseMenuViewCell.swift; sourceTree = "<group>"; };
		09234AC81FC7A60B00CEBC07 /* AmuseMenuViewCell.xib */ = {isa = PBXFileReference; lastKnownFileType = file.xib; path = AmuseMenuViewCell.xib; sourceTree = "<group>"; };
		09234ACB1FC7B1EA00CEBC07 /* FunnyViewController.swift */ = {isa = PBXFileReference; lastKnownFileType = sourcecode.swift; path = FunnyViewController.swift; sourceTree = "<group>"; };
		09234ACD1FC7B54800CEBC07 /* FunnyModel.swift */ = {isa = PBXFileReference; lastKnownFileType = sourcecode.swift; path = FunnyModel.swift; sourceTree = "<group>"; };
		09234ACF1FC7BAD400CEBC07 /* BaseViewController.swift */ = {isa = PBXFileReference; lastKnownFileType = sourcecode.swift; path = BaseViewController.swift; sourceTree = "<group>"; };
		094514FE1FC257C400E398C9 /* PageContentView.swift */ = {isa = PBXFileReference; lastKnownFileType = sourcecode.swift; path = PageContentView.swift; sourceTree = "<group>"; };
		094515001FC25C2D00E398C9 /* UIColor+Extension.swift */ = {isa = PBXFileReference; lastKnownFileType = sourcecode.swift; path = "UIColor+Extension.swift"; sourceTree = "<group>"; };
		094515021FC28D1C00E398C9 /* RecommenViewController.swift */ = {isa = PBXFileReference; lastKnownFileType = sourcecode.swift; path = RecommenViewController.swift; sourceTree = "<group>"; };
		094515041FC2978B00E398C9 /* CollectionHeaderView.swift */ = {isa = PBXFileReference; lastKnownFileType = sourcecode.swift; path = CollectionHeaderView.swift; sourceTree = "<group>"; };
		094515051FC2978B00E398C9 /* CollectionHeaderView.xib */ = {isa = PBXFileReference; lastKnownFileType = file.xib; path = CollectionHeaderView.xib; sourceTree = "<group>"; };
		094515081FC29C5700E398C9 /* CollectionViewNormalCell.swift */ = {isa = PBXFileReference; lastKnownFileType = sourcecode.swift; path = CollectionViewNormalCell.swift; sourceTree = "<group>"; };
		094515091FC29C5700E398C9 /* CollectionViewNormalCell.xib */ = {isa = PBXFileReference; lastKnownFileType = file.xib; path = CollectionViewNormalCell.xib; sourceTree = "<group>"; };
		0945150C1FC2A1CA00E398C9 /* CollectionViewPrettyCell.swift */ = {isa = PBXFileReference; lastKnownFileType = sourcecode.swift; path = CollectionViewPrettyCell.swift; sourceTree = "<group>"; };
		0945150D1FC2A1CA00E398C9 /* CollectionViewPrettyCell.xib */ = {isa = PBXFileReference; lastKnownFileType = file.xib; path = CollectionViewPrettyCell.xib; sourceTree = "<group>"; };
		094547A61FC450CF005FE312 /* RecommendGameView.swift */ = {isa = PBXFileReference; lastKnownFileType = sourcecode.swift; path = RecommendGameView.swift; sourceTree = "<group>"; };
		094547A81FC450F0005FE312 /* RecommendGameView.xib */ = {isa = PBXFileReference; lastKnownFileType = file.xib; path = RecommendGameView.xib; sourceTree = "<group>"; };
		0961572E1FC458C7003DD284 /* GameCollectionViewCell.swift */ = {isa = PBXFileReference; lastKnownFileType = sourcecode.swift; path = GameCollectionViewCell.swift; sourceTree = "<group>"; };
		0961572F1FC458C7003DD284 /* GameCollectionViewCell.xib */ = {isa = PBXFileReference; lastKnownFileType = file.xib; path = GameCollectionViewCell.xib; sourceTree = "<group>"; };
		096E03351FC563CE00D1872C /* GameViewController.swift */ = {isa = PBXFileReference; lastKnownFileType = sourcecode.swift; path = GameViewController.swift; sourceTree = "<group>"; };
		096E03371FC56D8E00D1872C /* GameViewModel.swift */ = {isa = PBXFileReference; lastKnownFileType = sourcecode.swift; path = GameViewModel.swift; sourceTree = "<group>"; };
		096E03391FC56FA400D1872C /* GameModel.swift */ = {isa = PBXFileReference; lastKnownFileType = sourcecode.swift; path = GameModel.swift; sourceTree = "<group>"; };
		0975715D1FC6A3E5008B86CD /* AmuseViewModel.swift */ = {isa = PBXFileReference; lastKnownFileType = sourcecode.swift; path = AmuseViewModel.swift; sourceTree = "<group>"; };
		097571601FC6A953008B86CD /* BaseViewModel.swift */ = {isa = PBXFileReference; lastKnownFileType = sourcecode.swift; path = BaseViewModel.swift; sourceTree = "<group>"; };
		097571621FC6AC5C008B86CD /* BaseAnchorViewController.swift */ = {isa = PBXFileReference; lastKnownFileType = sourcecode.swift; path = BaseAnchorViewController.swift; sourceTree = "<group>"; };
		097571641FC6BF3F008B86CD /* AmuseMenuView.swift */ = {isa = PBXFileReference; lastKnownFileType = sourcecode.swift; path = AmuseMenuView.swift; sourceTree = "<group>"; };
		097571661FC6BF73008B86CD /* AmuseMenuView.xib */ = {isa = PBXFileReference; lastKnownFileType = file.xib; path = AmuseMenuView.xib; sourceTree = "<group>"; };
		099CEFBF1FC9029A009049D6 /* 1511574055637.jpg */ = {isa = PBXFileReference; lastKnownFileType = image.jpeg; path = 1511574055637.jpg; sourceTree = "<group>"; };
		099CEFC01FC9029A009049D6 /* 1511574190406.jpg */ = {isa = PBXFileReference; lastKnownFileType = image.jpeg; path = 1511574190406.jpg; sourceTree = "<group>"; };
		099CEFC11FC9029A009049D6 /* 1511574168889.jpg */ = {isa = PBXFileReference; lastKnownFileType = image.jpeg; path = 1511574168889.jpg; sourceTree = "<group>"; };
		099CEFC21FC9029A009049D6 /* 1511241970907.jpg */ = {isa = PBXFileReference; lastKnownFileType = image.jpeg; path = 1511241970907.jpg; sourceTree = "<group>"; };
		09CB540E1FC8E9EF00F071BD /* DashViewController.swift */ = {isa = PBXFileReference; lastKnownFileType = sourcecode.swift; path = DashViewController.swift; sourceTree = "<group>"; };
		09CB54101FC8EA8400F071BD /* SamDashView.swift */ = {isa = PBXFileReference; lastKnownFileType = sourcecode.swift; path = SamDashView.swift; sourceTree = "<group>"; };
		09CB54121FC8F30F00F071BD /* SamDashBoardView.swift */ = {isa = PBXFileReference; lastKnownFileType = sourcecode.swift; path = SamDashBoardView.swift; sourceTree = "<group>"; };
		09DA0E421FC148410023F664 /* DYZB.app */ = {isa = PBXFileReference; explicitFileType = wrapper.application; includeInIndex = 0; path = DYZB.app; sourceTree = BUILT_PRODUCTS_DIR; };
		09DA0E451FC148410023F664 /* AppDelegate.swift */ = {isa = PBXFileReference; lastKnownFileType = sourcecode.swift; path = AppDelegate.swift; sourceTree = "<group>"; };
		09DA0E4A1FC148410023F664 /* Base */ = {isa = PBXFileReference; lastKnownFileType = file.storyboard; name = Base; path = Base.lproj/Main.storyboard; sourceTree = "<group>"; };
		09DA0E4C1FC148410023F664 /* Assets.xcassets */ = {isa = PBXFileReference; lastKnownFileType = folder.assetcatalog; path = Assets.xcassets; sourceTree = "<group>"; };
		09DA0E4F1FC148410023F664 /* Base */ = {isa = PBXFileReference; lastKnownFileType = file.storyboard; name = Base; path = Base.lproj/LaunchScreen.storyboard; sourceTree = "<group>"; };
		09DA0E511FC148410023F664 /* Info.plist */ = {isa = PBXFileReference; lastKnownFileType = text.plist.xml; path = Info.plist; sourceTree = "<group>"; };
		09DA0E611FC157D90023F664 /* Base */ = {isa = PBXFileReference; lastKnownFileType = file.storyboard; name = Base; path = DYZB/Classes/Main/Base.lproj/Home.storyboard; sourceTree = "<group>"; };
		09DA0E631FC1582A0023F664 /* Live.storyboard */ = {isa = PBXFileReference; fileEncoding = 4; lastKnownFileType = file.storyboard; path = Live.storyboard; sourceTree = "<group>"; };
		09DA0E661FC1584B0023F664 /* Base */ = {isa = PBXFileReference; lastKnownFileType = file.storyboard; name = Base; path = DYZB/Classes/Main/Base.lproj/Follow.storyboard; sourceTree = "<group>"; };
		09DA0E681FC1586B0023F664 /* Profile.storyboard */ = {isa = PBXFileReference; fileEncoding = 4; lastKnownFileType = file.storyboard; path = Profile.storyboard; sourceTree = "<group>"; };
		09DA0E741FC1631E0023F664 /* MainViewController.swift */ = {isa = PBXFileReference; fileEncoding = 4; lastKnownFileType = sourcecode.swift; path = MainViewController.swift; sourceTree = "<group>"; };
		09DA0E761FC1636C0023F664 /* HomeViewController.swift */ = {isa = PBXFileReference; lastKnownFileType = sourcecode.swift; path = HomeViewController.swift; sourceTree = "<group>"; };
		09DA0E791FC167190023F664 /* UIBarButtion+Extension.swift */ = {isa = PBXFileReference; lastKnownFileType = sourcecode.swift; path = "UIBarButtion+Extension.swift"; sourceTree = "<group>"; };
		09DA0E7B1FC1715D0023F664 /* PageTitleView.swift */ = {isa = PBXFileReference; lastKnownFileType = sourcecode.swift; path = PageTitleView.swift; sourceTree = "<group>"; };
		09DA0E7D1FC173A70023F664 /* Common.swift */ = {isa = PBXFileReference; lastKnownFileType = sourcecode.swift; path = Common.swift; sourceTree = "<group>"; };
		09DBA5551FC2FF13006ADDFD /* RecommenViewModel.swift */ = {isa = PBXFileReference; lastKnownFileType = sourcecode.swift; path = RecommenViewModel.swift; sourceTree = "<group>"; };
		09DBA5571FC30277006ADDFD /* NSData+Extension.swift */ = {isa = PBXFileReference; lastKnownFileType = sourcecode.swift; path = "NSData+Extension.swift"; sourceTree = "<group>"; };
		09F0131B1FC2AE110073AD9C /* NetworkTools.swift */ = {isa = PBXFileReference; lastKnownFileType = sourcecode.swift; path = NetworkTools.swift; sourceTree = "<group>"; };
		09F0131E1FC2BD950073AD9C /* Alamofire.framework */ = {isa = PBXFileReference; explicitFileType = wrapper.framework; path = Alamofire.framework; sourceTree = BUILT_PRODUCTS_DIR; };
		09F013201FC2BD990073AD9C /* Kingfisher.framework */ = {isa = PBXFileReference; explicitFileType = wrapper.framework; path = Kingfisher.framework; sourceTree = BUILT_PRODUCTS_DIR; };
		09F81FA81FC7F6B000807812 /* VideoViewController.swift */ = {isa = PBXFileReference; lastKnownFileType = sourcecode.swift; path = VideoViewController.swift; sourceTree = "<group>"; };
		09F9C8041FC3B36400A1D54D /* AnchorGroup.swift */ = {isa = PBXFileReference; lastKnownFileType = sourcecode.swift; path = AnchorGroup.swift; sourceTree = "<group>"; };
		09F9C8061FC3B6D600A1D54D /* AnchorModel.swift */ = {isa = PBXFileReference; lastKnownFileType = sourcecode.swift; path = AnchorModel.swift; sourceTree = "<group>"; };
		09F9C8081FC3F0F500A1D54D /* BaseCollectionViewCell.swift */ = {isa = PBXFileReference; lastKnownFileType = sourcecode.swift; path = BaseCollectionViewCell.swift; sourceTree = "<group>"; };
		09F9C80A1FC3F4C500A1D54D /* RecommenCycle.swift */ = {isa = PBXFileReference; lastKnownFileType = sourcecode.swift; path = RecommenCycle.swift; sourceTree = "<group>"; };
		09F9C80C1FC3F50B00A1D54D /* RecommendCycleView.xib */ = {isa = PBXFileReference; lastKnownFileType = file.xib; path = RecommendCycleView.xib; sourceTree = "<group>"; };
		09F9C80E1FC40D8700A1D54D /* CycleModel.swift */ = {isa = PBXFileReference; lastKnownFileType = sourcecode.swift; path = CycleModel.swift; sourceTree = "<group>"; };
		09F9C8101FC4148200A1D54D /* CycleViewCell.swift */ = {isa = PBXFileReference; lastKnownFileType = sourcecode.swift; path = CycleViewCell.swift; sourceTree = "<group>"; };
		09F9C8111FC4148200A1D54D /* CycleViewCell.xib */ = {isa = PBXFileReference; lastKnownFileType = file.xib; path = CycleViewCell.xib; sourceTree = "<group>"; };
		1E48BCB3F6F2F3B7A0085A5E /* Pods-DYZB.release.xcconfig */ = {isa = PBXFileReference; includeInIndex = 1; lastKnownFileType = text.xcconfig; name = "Pods-DYZB.release.xcconfig"; path = "Pods/Target Support Files/Pods-DYZB/Pods-DYZB.release.xcconfig"; sourceTree = "<group>"; };
		2DB049C5774D5DAE4185244A /* Pods_DYZB.framework */ = {isa = PBXFileReference; explicitFileType = wrapper.framework; includeInIndex = 0; path = Pods_DYZB.framework; sourceTree = BUILT_PRODUCTS_DIR; };
		D9B1734EA152A0E6C40B6295 /* Pods-DYZB.debug.xcconfig */ = {isa = PBXFileReference; includeInIndex = 1; lastKnownFileType = text.xcconfig; name = "Pods-DYZB.debug.xcconfig"; path = "Pods/Target Support Files/Pods-DYZB/Pods-DYZB.debug.xcconfig"; sourceTree = "<group>"; };
/* End PBXFileReference section */

/* Begin PBXFrameworksBuildPhase section */
		09DA0E3F1FC148410023F664 /* Frameworks */ = {
			isa = PBXFrameworksBuildPhase;
			buildActionMask = 2147483647;
			files = (
				09F0131F1FC2BD990073AD9C /* Kingfisher.framework in Frameworks */,
				09F0131D1FC2BD950073AD9C /* Alamofire.framework in Frameworks */,
				5DBF9AB3D28D92178FE43819 /* Pods_DYZB.framework in Frameworks */,
			);
			runOnlyForDeploymentPostprocessing = 0;
		};
/* End PBXFrameworksBuildPhase section */

/* Begin PBXGroup section */
		0975715F1FC6A929008B86CD /* ViewModel */ = {
			isa = PBXGroup;
			children = (
				097571601FC6A953008B86CD /* BaseViewModel.swift */,
			);
			path = ViewModel;
			sourceTree = "<group>";
		};
		099CEFBE1FC9029A009049D6 /* screenshots */ = {
			isa = PBXGroup;
			children = (
				099CEFBF1FC9029A009049D6 /* 1511574055637.jpg */,
				099CEFC01FC9029A009049D6 /* 1511574190406.jpg */,
				099CEFC11FC9029A009049D6 /* 1511574168889.jpg */,
				099CEFC21FC9029A009049D6 /* 1511241970907.jpg */,
			);
			name = screenshots;
			path = ../../screenshots;
			sourceTree = "<group>";
		};
		09DA0E391FC148410023F664 = {
			isa = PBXGroup;
			children = (
				09DA0E441FC148410023F664 /* DYZB */,
				09DA0E431FC148410023F664 /* Products */,
				8529355B9A0D31E894166E3C /* Pods */,
				79B2AD3AE3AE0C55BBC487DE /* Frameworks */,
			);
			sourceTree = "<group>";
		};
		09DA0E431FC148410023F664 /* Products */ = {
			isa = PBXGroup;
			children = (
				09DA0E421FC148410023F664 /* DYZB.app */,
			);
			name = Products;
			sourceTree = "<group>";
		};
		09DA0E441FC148410023F664 /* DYZB */ = {
			isa = PBXGroup;
			children = (
				099CEFBE1FC9029A009049D6 /* screenshots */,
				09DA0E591FC14E830023F664 /* Classes */,
				09DA0E451FC148410023F664 /* AppDelegate.swift */,
				09DA0E4C1FC148410023F664 /* Assets.xcassets */,
				09DA0E4E1FC148410023F664 /* LaunchScreen.storyboard */,
				09DA0E511FC148410023F664 /* Info.plist */,
			);
			path = DYZB;
			sourceTree = "<group>";
		};
		09DA0E591FC14E830023F664 /* Classes */ = {
			isa = PBXGroup;
			children = (
				09DA0E5F1FC14E830023F664 /* Main */,
				09DA0E5B1FC14E830023F664 /* Tools */,
				09DA0E5D1FC14E830023F664 /* Profile */,
				09DA0E5A1FC14E830023F664 /* Home */,
				09DA0E5C1FC14E830023F664 /* Follow */,
				09DA0E5E1FC14E830023F664 /* Live */,
			);
			path = Classes;
			sourceTree = "<group>";
		};
		09DA0E5A1FC14E830023F664 /* Home */ = {
			isa = PBXGroup;
			children = (
				09DBA5541FC2FEC9006ADDFD /* ViewModel */,
				09DA0E6E1FC161960023F664 /* Controller */,
				09DA0E6D1FC161900023F664 /* Model */,
				09DA0E6C1FC161880023F664 /* View */,
				09DA0E601FC157D90023F664 /* Home.storyboard */,
			);
			path = Home;
			sourceTree = "<group>";
		};
		09DA0E5B1FC14E830023F664 /* Tools */ = {
			isa = PBXGroup;
			children = (
				09DA0E781FC166E60023F664 /* extension */,
				09DA0E7D1FC173A70023F664 /* Common.swift */,
				09F0131B1FC2AE110073AD9C /* NetworkTools.swift */,
				09CB54101FC8EA8400F071BD /* SamDashView.swift */,
				09CB54121FC8F30F00F071BD /* SamDashBoardView.swift */,
			);
			path = Tools;
			sourceTree = "<group>";
		};
		09DA0E5C1FC14E830023F664 /* Follow */ = {
			isa = PBXGroup;
			children = (
				09DA0E651FC1584B0023F664 /* Follow.storyboard */,
				09CB540E1FC8E9EF00F071BD /* DashViewController.swift */,
			);
			path = Follow;
			sourceTree = "<group>";
		};
		09DA0E5D1FC14E830023F664 /* Profile */ = {
			isa = PBXGroup;
			children = (
				09DA0E681FC1586B0023F664 /* Profile.storyboard */,
			);
			path = Profile;
			sourceTree = "<group>";
		};
		09DA0E5E1FC14E830023F664 /* Live */ = {
			isa = PBXGroup;
			children = (
				09DA0E631FC1582A0023F664 /* Live.storyboard */,
				09F81FA81FC7F6B000807812 /* VideoViewController.swift */,
			);
			path = Live;
			sourceTree = "<group>";
		};
		09DA0E5F1FC14E830023F664 /* Main */ = {
			isa = PBXGroup;
			children = (
				0975715F1FC6A929008B86CD /* ViewModel */,
				09DA0E711FC161DB0023F664 /* View */,
				09DA0E701FC161D30023F664 /* Controller */,
				09DA0E6F1FC161CD0023F664 /* Model */,
				09DA0E491FC148410023F664 /* Main.storyboard */,
			);
			path = Main;
			sourceTree = "<group>";
		};
		09DA0E6C1FC161880023F664 /* View */ = {
			isa = PBXGroup;
			children = (
				09F9C80A1FC3F4C500A1D54D /* RecommenCycle.swift */,
				09F9C80C1FC3F50B00A1D54D /* RecommendCycleView.xib */,
				094515041FC2978B00E398C9 /* CollectionHeaderView.swift */,
				094515051FC2978B00E398C9 /* CollectionHeaderView.xib */,
				09F9C8101FC4148200A1D54D /* CycleViewCell.swift */,
				09F9C8111FC4148200A1D54D /* CycleViewCell.xib */,
				094547A61FC450CF005FE312 /* RecommendGameView.swift */,
				094547A81FC450F0005FE312 /* RecommendGameView.xib */,
				0961572E1FC458C7003DD284 /* GameCollectionViewCell.swift */,
				0961572F1FC458C7003DD284 /* GameCollectionViewCell.xib */,
				097571641FC6BF3F008B86CD /* AmuseMenuView.swift */,
				097571661FC6BF73008B86CD /* AmuseMenuView.xib */,
				09234AC71FC7A60B00CEBC07 /* AmuseMenuViewCell.swift */,
				09234AC81FC7A60B00CEBC07 /* AmuseMenuViewCell.xib */,
			);
			path = View;
			sourceTree = "<group>";
		};
		09DA0E6D1FC161900023F664 /* Model */ = {
			isa = PBXGroup;
			children = (
				09F9C80E1FC40D8700A1D54D /* CycleModel.swift */,
				096E03391FC56FA400D1872C /* GameModel.swift */,
			);
			path = Model;
			sourceTree = "<group>";
		};
		09DA0E6E1FC161960023F664 /* Controller */ = {
			isa = PBXGroup;
			children = (
				09DA0E761FC1636C0023F664 /* HomeViewController.swift */,
				094515021FC28D1C00E398C9 /* RecommenViewController.swift */,
				096E03351FC563CE00D1872C /* GameViewController.swift */,
				091637B21FC6A11200296B87 /* AmuseViewController.swift */,
				09234ACB1FC7B1EA00CEBC07 /* FunnyViewController.swift */,
			);
			path = Controller;
			sourceTree = "<group>";
		};
		09DA0E6F1FC161CD0023F664 /* Model */ = {
			isa = PBXGroup;
			children = (
				09F9C8041FC3B36400A1D54D /* AnchorGroup.swift */,
				09F9C8061FC3B6D600A1D54D /* AnchorModel.swift */,
				091637B01FC68B6700296B87 /* BaseModel.swift */,
			);
			path = Model;
			sourceTree = "<group>";
		};
		09DA0E701FC161D30023F664 /* Controller */ = {
			isa = PBXGroup;
			children = (
				09DA0E741FC1631E0023F664 /* MainViewController.swift */,
				097571621FC6AC5C008B86CD /* BaseAnchorViewController.swift */,
				09234ACF1FC7BAD400CEBC07 /* BaseViewController.swift */,
			);
			path = Controller;
			sourceTree = "<group>";
		};
		09DA0E711FC161DB0023F664 /* View */ = {
			isa = PBXGroup;
			children = (
				09DA0E7B1FC1715D0023F664 /* PageTitleView.swift */,
				094514FE1FC257C400E398C9 /* PageContentView.swift */,
				09F9C8081FC3F0F500A1D54D /* BaseCollectionViewCell.swift */,
				094515081FC29C5700E398C9 /* CollectionViewNormalCell.swift */,
				094515091FC29C5700E398C9 /* CollectionViewNormalCell.xib */,
				0945150C1FC2A1CA00E398C9 /* CollectionViewPrettyCell.swift */,
				0945150D1FC2A1CA00E398C9 /* CollectionViewPrettyCell.xib */,
			);
			path = View;
			sourceTree = "<group>";
		};
		09DA0E781FC166E60023F664 /* extension */ = {
			isa = PBXGroup;
			children = (
				09DA0E791FC167190023F664 /* UIBarButtion+Extension.swift */,
				094515001FC25C2D00E398C9 /* UIColor+Extension.swift */,
				09DBA5571FC30277006ADDFD /* NSData+Extension.swift */,
			);
			path = extension;
			sourceTree = "<group>";
		};
		09DBA5541FC2FEC9006ADDFD /* ViewModel */ = {
			isa = PBXGroup;
			children = (
				09DBA5551FC2FF13006ADDFD /* RecommenViewModel.swift */,
				096E03371FC56D8E00D1872C /* GameViewModel.swift */,
				0975715D1FC6A3E5008B86CD /* AmuseViewModel.swift */,
				09234ACD1FC7B54800CEBC07 /* FunnyModel.swift */,
			);
			path = ViewModel;
			sourceTree = "<group>";
		};
		79B2AD3AE3AE0C55BBC487DE /* Frameworks */ = {
			isa = PBXGroup;
			children = (
				09F013201FC2BD990073AD9C /* Kingfisher.framework */,
				09F0131E1FC2BD950073AD9C /* Alamofire.framework */,
				2DB049C5774D5DAE4185244A /* Pods_DYZB.framework */,
			);
			name = Frameworks;
			sourceTree = "<group>";
		};
		8529355B9A0D31E894166E3C /* Pods */ = {
			isa = PBXGroup;
			children = (
				D9B1734EA152A0E6C40B6295 /* Pods-DYZB.debug.xcconfig */,
				1E48BCB3F6F2F3B7A0085A5E /* Pods-DYZB.release.xcconfig */,
			);
			name = Pods;
			sourceTree = "<group>";
		};
/* End PBXGroup section */

/* Begin PBXNativeTarget section */
		09DA0E411FC148410023F664 /* DYZB */ = {
			isa = PBXNativeTarget;
			buildConfigurationList = 09DA0E541FC148410023F664 /* Build configuration list for PBXNativeTarget "DYZB" */;
			buildPhases = (
				F17907E37E87CDB77F735B57 /* [CP] Check Pods Manifest.lock */,
				09DA0E3E1FC148410023F664 /* Sources */,
				09DA0E3F1FC148410023F664 /* Frameworks */,
				09DA0E401FC148410023F664 /* Resources */,
				D8A78777F3C820FEB1F3CE1A /* [CP] Embed Pods Frameworks */,
				5CA8DF1ED485718C6C03B9FE /* [CP] Copy Pods Resources */,
			);
			buildRules = (
			);
			dependencies = (
			);
			name = DYZB;
			productName = DYZB;
			productReference = 09DA0E421FC148410023F664 /* DYZB.app */;
			productType = "com.apple.product-type.application";
		};
/* End PBXNativeTarget section */

/* Begin PBXProject section */
		09DA0E3A1FC148410023F664 /* Project object */ = {
			isa = PBXProject;
			attributes = {
				LastSwiftUpdateCheck = 0910;
				LastUpgradeCheck = 0910;
				ORGANIZATIONNAME = libo;
				TargetAttributes = {
					09DA0E411FC148410023F664 = {
						CreatedOnToolsVersion = 9.1;
						ProvisioningStyle = Automatic;
					};
				};
			};
			buildConfigurationList = 09DA0E3D1FC148410023F664 /* Build configuration list for PBXProject "DYZB" */;
			compatibilityVersion = "Xcode 8.0";
			developmentRegion = en;
			hasScannedForEncodings = 0;
			knownRegions = (
				en,
				Base,
			);
			mainGroup = 09DA0E391FC148410023F664;
			productRefGroup = 09DA0E431FC148410023F664 /* Products */;
			projectDirPath = "";
			projectRoot = "";
			targets = (
				09DA0E411FC148410023F664 /* DYZB */,
			);
		};
/* End PBXProject section */

/* Begin PBXResourcesBuildPhase section */
		09DA0E401FC148410023F664 /* Resources */ = {
			isa = PBXResourcesBuildPhase;
			buildActionMask = 2147483647;
			files = (
				09DA0E501FC148410023F664 /* LaunchScreen.storyboard in Resources */,
				09234ACA1FC7A60B00CEBC07 /* AmuseMenuViewCell.xib in Resources */,
				094515071FC2978B00E398C9 /* CollectionHeaderView.xib in Resources */,
				099CEFC61FC9029A009049D6 /* 1511241970907.jpg in Resources */,
				09DA0E4D1FC148410023F664 /* Assets.xcassets in Resources */,
				09DA0E4B1FC148410023F664 /* Main.storyboard in Resources */,
				0945150F1FC2A1CA00E398C9 /* CollectionViewPrettyCell.xib in Resources */,
				09DA0E641FC1582A0023F664 /* Live.storyboard in Resources */,
				0945150B1FC29C5700E398C9 /* CollectionViewNormalCell.xib in Resources */,
				09F9C80D1FC3F50B00A1D54D /* RecommendCycleView.xib in Resources */,
				097571671FC6BF73008B86CD /* AmuseMenuView.xib in Resources */,
				09DA0E621FC157D90023F664 /* Home.storyboard in Resources */,
				09F9C8131FC4148200A1D54D /* CycleViewCell.xib in Resources */,
				099CEFC41FC9029A009049D6 /* 1511574190406.jpg in Resources */,
				096157311FC458C7003DD284 /* GameCollectionViewCell.xib in Resources */,
				099CEFC51FC9029A009049D6 /* 1511574168889.jpg in Resources */,
				09DA0E691FC1586B0023F664 /* Profile.storyboard in Resources */,
				099CEFC31FC9029A009049D6 /* 1511574055637.jpg in Resources */,
				094547A91FC450F0005FE312 /* RecommendGameView.xib in Resources */,
				09DA0E671FC1584B0023F664 /* Follow.storyboard in Resources */,
			);
			runOnlyForDeploymentPostprocessing = 0;
		};
/* End PBXResourcesBuildPhase section */

/* Begin PBXShellScriptBuildPhase section */
		5CA8DF1ED485718C6C03B9FE /* [CP] Copy Pods Resources */ = {
			isa = PBXShellScriptBuildPhase;
			buildActionMask = 2147483647;
			files = (
			);
			inputPaths = (
			);
			name = "[CP] Copy Pods Resources";
			outputPaths = (
			);
			runOnlyForDeploymentPostprocessing = 0;
			shellPath = /bin/sh;
			shellScript = "\"${SRCROOT}/Pods/Target Support Files/Pods-DYZB/Pods-DYZB-resources.sh\"\n";
			showEnvVarsInLog = 0;
		};
		D8A78777F3C820FEB1F3CE1A /* [CP] Embed Pods Frameworks */ = {
			isa = PBXShellScriptBuildPhase;
			buildActionMask = 2147483647;
			files = (
			);
			inputPaths = (
				"${SRCROOT}/Pods/Target Support Files/Pods-DYZB/Pods-DYZB-frameworks.sh",
				"${BUILT_PRODUCTS_DIR}/Alamofire/Alamofire.framework",
				"${BUILT_PRODUCTS_DIR}/Kingfisher/Kingfisher.framework",
			);
			name = "[CP] Embed Pods Frameworks";
			outputPaths = (
				"${TARGET_BUILD_DIR}/${FRAMEWORKS_FOLDER_PATH}/Alamofire.framework",
				"${TARGET_BUILD_DIR}/${FRAMEWORKS_FOLDER_PATH}/Kingfisher.framework",
			);
			runOnlyForDeploymentPostprocessing = 0;
			shellPath = /bin/sh;
			shellScript = "\"${SRCROOT}/Pods/Target Support Files/Pods-DYZB/Pods-DYZB-frameworks.sh\"\n";
			showEnvVarsInLog = 0;
		};
		F17907E37E87CDB77F735B57 /* [CP] Check Pods Manifest.lock */ = {
			isa = PBXShellScriptBuildPhase;
			buildActionMask = 2147483647;
			files = (
			);
			inputPaths = (
				"${PODS_PODFILE_DIR_PATH}/Podfile.lock",
				"${PODS_ROOT}/Manifest.lock",
			);
			name = "[CP] Check Pods Manifest.lock";
			outputPaths = (
				"$(DERIVED_FILE_DIR)/Pods-DYZB-checkManifestLockResult.txt",
			);
			runOnlyForDeploymentPostprocessing = 0;
			shellPath = /bin/sh;
			shellScript = "diff \"${PODS_PODFILE_DIR_PATH}/Podfile.lock\" \"${PODS_ROOT}/Manifest.lock\" > /dev/null\nif [ $? != 0 ] ; then\n    # print error to STDERR\n    echo \"error: The sandbox is not in sync with the Podfile.lock. Run 'pod install' or update your CocoaPods installation.\" >&2\n    exit 1\nfi\n# This output is used by Xcode 'outputs' to avoid re-running this script phase.\necho \"SUCCESS\" > \"${SCRIPT_OUTPUT_FILE_0}\"\n";
			showEnvVarsInLog = 0;
		};
/* End PBXShellScriptBuildPhase section */

/* Begin PBXSourcesBuildPhase section */
		09DA0E3E1FC148410023F664 /* Sources */ = {
			isa = PBXSourcesBuildPhase;
			buildActionMask = 2147483647;
			files = (
				09DA0E461FC148410023F664 /* AppDelegate.swift in Sources */,
				094515061FC2978B00E398C9 /* CollectionHeaderView.swift in Sources */,
				0975715E1FC6A3E5008B86CD /* AmuseViewModel.swift in Sources */,
				09DA0E751FC1631E0023F664 /* MainViewController.swift in Sources */,
				096E03381FC56D8E00D1872C /* GameViewModel.swift in Sources */,
				09CB54131FC8F30F00F071BD /* SamDashBoardView.swift in Sources */,
				09234AD01FC7BAD400CEBC07 /* BaseViewController.swift in Sources */,
				09DA0E7C1FC1715D0023F664 /* PageTitleView.swift in Sources */,
				097571631FC6AC5C008B86CD /* BaseAnchorViewController.swift in Sources */,
				096E03361FC563CE00D1872C /* GameViewController.swift in Sources */,
				09F9C8051FC3B36400A1D54D /* AnchorGroup.swift in Sources */,
				09F9C80B1FC3F4C500A1D54D /* RecommenCycle.swift in Sources */,
				09234AC91FC7A60B00CEBC07 /* AmuseMenuViewCell.swift in Sources */,
				09234ACC1FC7B1EA00CEBC07 /* FunnyViewController.swift in Sources */,
				09DBA5561FC2FF13006ADDFD /* RecommenViewModel.swift in Sources */,
				094514FF1FC257C400E398C9 /* PageContentView.swift in Sources */,
				097571611FC6A953008B86CD /* BaseViewModel.swift in Sources */,
				09F9C80F1FC40D8700A1D54D /* CycleModel.swift in Sources */,
				096E033A1FC56FA400D1872C /* GameModel.swift in Sources */,
				0945150A1FC29C5700E398C9 /* CollectionViewNormalCell.swift in Sources */,
				09DA0E771FC1636C0023F664 /* HomeViewController.swift in Sources */,
				09CB54111FC8EA8400F071BD /* SamDashView.swift in Sources */,
				091637B31FC6A11200296B87 /* AmuseViewController.swift in Sources */,
				094515031FC28D1C00E398C9 /* RecommenViewController.swift in Sources */,
				096157301FC458C7003DD284 /* GameCollectionViewCell.swift in Sources */,
				0945150E1FC2A1CA00E398C9 /* CollectionViewPrettyCell.swift in Sources */,
				094547A71FC450CF005FE312 /* RecommendGameView.swift in Sources */,
				091637B11FC68B6700296B87 /* BaseModel.swift in Sources */,
				09F9C8091FC3F0F500A1D54D /* BaseCollectionViewCell.swift in Sources */,
				09DA0E7E1FC173A70023F664 /* Common.swift in Sources */,
				097571651FC6BF3F008B86CD /* AmuseMenuView.swift in Sources */,
				09DA0E7A1FC167190023F664 /* UIBarButtion+Extension.swift in Sources */,
				09F81FA91FC7F6B000807812 /* VideoViewController.swift in Sources */,
				09DBA5581FC30277006ADDFD /* NSData+Extension.swift in Sources */,
				09CB540F1FC8E9EF00F071BD /* DashViewController.swift in Sources */,
				09F0131C1FC2AE110073AD9C /* NetworkTools.swift in Sources */,
				094515011FC25C2D00E398C9 /* UIColor+Extension.swift in Sources */,
				09234ACE1FC7B54800CEBC07 /* FunnyModel.swift in Sources */,
				09F9C8121FC4148200A1D54D /* CycleViewCell.swift in Sources */,
				09F9C8071FC3B6D600A1D54D /* AnchorModel.swift in Sources */,
			);
			runOnlyForDeploymentPostprocessing = 0;
		};
/* End PBXSourcesBuildPhase section */

/* Begin PBXVariantGroup section */
		09DA0E491FC148410023F664 /* Main.storyboard */ = {
			isa = PBXVariantGroup;
			children = (
				09DA0E4A1FC148410023F664 /* Base */,
			);
			name = Main.storyboard;
			sourceTree = "<group>";
		};
		09DA0E4E1FC148410023F664 /* LaunchScreen.storyboard */ = {
			isa = PBXVariantGroup;
			children = (
				09DA0E4F1FC148410023F664 /* Base */,
			);
			name = LaunchScreen.storyboard;
			sourceTree = "<group>";
		};
		09DA0E601FC157D90023F664 /* Home.storyboard */ = {
			isa = PBXVariantGroup;
			children = (
				09DA0E611FC157D90023F664 /* Base */,
			);
			name = Home.storyboard;
			sourceTree = "<group>";
		};
		09DA0E651FC1584B0023F664 /* Follow.storyboard */ = {
			isa = PBXVariantGroup;
			children = (
				09DA0E661FC1584B0023F664 /* Base */,
			);
			name = Follow.storyboard;
			sourceTree = "<group>";
		};
/* End PBXVariantGroup section */

/* Begin XCBuildConfiguration section */
		09DA0E521FC148410023F664 /* Debug */ = {
			isa = XCBuildConfiguration;
			buildSettings = {
				ALWAYS_SEARCH_USER_PATHS = NO;
				CLANG_ANALYZER_NONNULL = YES;
				CLANG_ANALYZER_NUMBER_OBJECT_CONVERSION = YES_AGGRESSIVE;
				CLANG_CXX_LANGUAGE_STANDARD = "gnu++14";
				CLANG_CXX_LIBRARY = "libc++";
				CLANG_ENABLE_MODULES = YES;
				CLANG_ENABLE_OBJC_ARC = YES;
				CLANG_WARN_BLOCK_CAPTURE_AUTORELEASING = YES;
				CLANG_WARN_BOOL_CONVERSION = YES;
				CLANG_WARN_COMMA = YES;
				CLANG_WARN_CONSTANT_CONVERSION = YES;
				CLANG_WARN_DIRECT_OBJC_ISA_USAGE = YES_ERROR;
				CLANG_WARN_DOCUMENTATION_COMMENTS = YES;
				CLANG_WARN_EMPTY_BODY = YES;
				CLANG_WARN_ENUM_CONVERSION = YES;
				CLANG_WARN_INFINITE_RECURSION = YES;
				CLANG_WARN_INT_CONVERSION = YES;
				CLANG_WARN_NON_LITERAL_NULL_CONVERSION = YES;
				CLANG_WARN_OBJC_LITERAL_CONVERSION = YES;
				CLANG_WARN_OBJC_ROOT_CLASS = YES_ERROR;
				CLANG_WARN_RANGE_LOOP_ANALYSIS = YES;
				CLANG_WARN_STRICT_PROTOTYPES = YES;
				CLANG_WARN_SUSPICIOUS_MOVE = YES;
				CLANG_WARN_UNGUARDED_AVAILABILITY = YES_AGGRESSIVE;
				CLANG_WARN_UNREACHABLE_CODE = YES;
				CLANG_WARN__DUPLICATE_METHOD_MATCH = YES;
				CODE_SIGN_IDENTITY = "iPhone Developer";
				COPY_PHASE_STRIP = NO;
				DEBUG_INFORMATION_FORMAT = dwarf;
				ENABLE_STRICT_OBJC_MSGSEND = YES;
				ENABLE_TESTABILITY = YES;
				GCC_C_LANGUAGE_STANDARD = gnu11;
				GCC_DYNAMIC_NO_PIC = NO;
				GCC_NO_COMMON_BLOCKS = YES;
				GCC_OPTIMIZATION_LEVEL = 0;
				GCC_PREPROCESSOR_DEFINITIONS = (
					"DEBUG=1",
					"$(inherited)",
				);
				GCC_WARN_64_TO_32_BIT_CONVERSION = YES;
				GCC_WARN_ABOUT_RETURN_TYPE = YES_ERROR;
				GCC_WARN_UNDECLARED_SELECTOR = YES;
				GCC_WARN_UNINITIALIZED_AUTOS = YES_AGGRESSIVE;
				GCC_WARN_UNUSED_FUNCTION = YES;
				GCC_WARN_UNUSED_VARIABLE = YES;
				IPHONEOS_DEPLOYMENT_TARGET = 11.1;
				MTL_ENABLE_DEBUG_INFO = YES;
				ONLY_ACTIVE_ARCH = YES;
				SDKROOT = iphoneos;
				SWIFT_ACTIVE_COMPILATION_CONDITIONS = DEBUG;
				SWIFT_OPTIMIZATION_LEVEL = "-Onone";
			};
			name = Debug;
		};
		09DA0E531FC148410023F664 /* Release */ = {
			isa = XCBuildConfiguration;
			buildSettings = {
				ALWAYS_SEARCH_USER_PATHS = NO;
				CLANG_ANALYZER_NONNULL = YES;
				CLANG_ANALYZER_NUMBER_OBJECT_CONVERSION = YES_AGGRESSIVE;
				CLANG_CXX_LANGUAGE_STANDARD = "gnu++14";
				CLANG_CXX_LIBRARY = "libc++";
				CLANG_ENABLE_MODULES = YES;
				CLANG_ENABLE_OBJC_ARC = YES;
				CLANG_WARN_BLOCK_CAPTURE_AUTORELEASING = YES;
				CLANG_WARN_BOOL_CONVERSION = YES;
				CLANG_WARN_COMMA = YES;
				CLANG_WARN_CONSTANT_CONVERSION = YES;
				CLANG_WARN_DIRECT_OBJC_ISA_USAGE = YES_ERROR;
				CLANG_WARN_DOCUMENTATION_COMMENTS = YES;
				CLANG_WARN_EMPTY_BODY = YES;
				CLANG_WARN_ENUM_CONVERSION = YES;
				CLANG_WARN_INFINITE_RECURSION = YES;
				CLANG_WARN_INT_CONVERSION = YES;
				CLANG_WARN_NON_LITERAL_NULL_CONVERSION = YES;
				CLANG_WARN_OBJC_LITERAL_CONVERSION = YES;
				CLANG_WARN_OBJC_ROOT_CLASS = YES_ERROR;
				CLANG_WARN_RANGE_LOOP_ANALYSIS = YES;
				CLANG_WARN_STRICT_PROTOTYPES = YES;
				CLANG_WARN_SUSPICIOUS_MOVE = YES;
				CLANG_WARN_UNGUARDED_AVAILABILITY = YES_AGGRESSIVE;
				CLANG_WARN_UNREACHABLE_CODE = YES;
				CLANG_WARN__DUPLICATE_METHOD_MATCH = YES;
				CODE_SIGN_IDENTITY = "iPhone Developer";
				COPY_PHASE_STRIP = NO;
				DEBUG_INFORMATION_FORMAT = "dwarf-with-dsym";
				ENABLE_NS_ASSERTIONS = NO;
				ENABLE_STRICT_OBJC_MSGSEND = YES;
				GCC_C_LANGUAGE_STANDARD = gnu11;
				GCC_NO_COMMON_BLOCKS = YES;
				GCC_WARN_64_TO_32_BIT_CONVERSION = YES;
				GCC_WARN_ABOUT_RETURN_TYPE = YES_ERROR;
				GCC_WARN_UNDECLARED_SELECTOR = YES;
				GCC_WARN_UNINITIALIZED_AUTOS = YES_AGGRESSIVE;
				GCC_WARN_UNUSED_FUNCTION = YES;
				GCC_WARN_UNUSED_VARIABLE = YES;
				IPHONEOS_DEPLOYMENT_TARGET = 11.1;
				MTL_ENABLE_DEBUG_INFO = NO;
				SDKROOT = iphoneos;
				SWIFT_OPTIMIZATION_LEVEL = "-Owholemodule";
				VALIDATE_PRODUCT = YES;
			};
			name = Release;
		};
		09DA0E551FC148410023F664 /* Debug */ = {
			isa = XCBuildConfiguration;
			baseConfigurationReference = D9B1734EA152A0E6C40B6295 /* Pods-DYZB.debug.xcconfig */;
			buildSettings = {
				ASSETCATALOG_COMPILER_APPICON_NAME = AppIcon;
				ASSETCATALOG_COMPILER_LAUNCHIMAGE_NAME = LaunchImage;
				CODE_SIGN_STYLE = Automatic;
				DEVELOPMENT_TEAM = 3G96BA2462;
				INFOPLIST_FILE = DYZB/Info.plist;
				IPHONEOS_DEPLOYMENT_TARGET = 9.0;
				LD_RUNPATH_SEARCH_PATHS = "$(inherited) @executable_path/Frameworks";
				PRODUCT_BUNDLE_IDENTIFIER = com.yonyou.DYZB;
				PRODUCT_NAME = "$(TARGET_NAME)";
				SWIFT_VERSION = 4.0;
				TARGETED_DEVICE_FAMILY = 1;
			};
			name = Debug;
		};
		09DA0E561FC148410023F664 /* Release */ = {
			isa = XCBuildConfiguration;
			baseConfigurationReference = 1E48BCB3F6F2F3B7A0085A5E /* Pods-DYZB.release.xcconfig */;
			buildSettings = {
				ASSETCATALOG_COMPILER_APPICON_NAME = AppIcon;
				ASSETCATALOG_COMPILER_LAUNCHIMAGE_NAME = LaunchImage;
				CODE_SIGN_STYLE = Automatic;
				DEVELOPMENT_TEAM = 3G96BA2462;
				INFOPLIST_FILE = DYZB/Info.plist;
				IPHONEOS_DEPLOYMENT_TARGET = 9.0;
				LD_RUNPATH_SEARCH_PATHS = "$(inherited) @executable_path/Frameworks";
				PRODUCT_BUNDLE_IDENTIFIER = com.yonyou.DYZB;
				PRODUCT_NAME = "$(TARGET_NAME)";
				SWIFT_VERSION = 4.0;
				TARGETED_DEVICE_FAMILY = 1;
			};
			name = Release;
		};
/* End XCBuildConfiguration section */

/* Begin XCConfigurationList section */
		09DA0E3D1FC148410023F664 /* Build configuration list for PBXProject "DYZB" */ = {
			isa = XCConfigurationList;
			buildConfigurations = (
				09DA0E521FC148410023F664 /* Debug */,
				09DA0E531FC148410023F664 /* Release */,
			);
			defaultConfigurationIsVisible = 0;
			defaultConfigurationName = Release;
		};
		09DA0E541FC148410023F664 /* Build configuration list for PBXNativeTarget "DYZB" */ = {
			isa = XCConfigurationList;
			buildConfigurations = (
				09DA0E551FC148410023F664 /* Debug */,
				09DA0E561FC148410023F664 /* Release */,
			);
			defaultConfigurationIsVisible = 0;
			defaultConfigurationName = Release;
		};
/* End XCConfigurationList section */
	};
	rootObject = 09DA0E3A1FC148410023F664 /* Project object */;
}
